
Microsoft Visual Studio Solution File, Format Version 12.00
# Visual Studio Version 17
VisualStudioVersion = 17.5.33516.290
MinimumVisualStudioVersion = 10.0.40219.1
Project("{8BC9CEB8-8B4A-11D0-8D11-00A0C91BC942}") = "DX001", "DX001\DX001.vcxproj", "{907B57B9-1161-43B1-8345-ADA561C2E877}"
EndProject
Project("{8BC9CEB8-8B4A-11D0-8D11-00A0C91BC942}") = "DX002", "DX002\DX002.vcxproj", "{798EEF49-EBE9-4314-BAD8-B4BBB5F2A645}"
EndProject
Project("{8BC9CEB8-8B4A-11D0-8D11-00A0C91BC942}") = "sandbox", "sandbox\sandbox.vcxproj", "{BC5C1119-B30D-4812-90B2-22293ECE3C89}"
EndProject
Project("{8BC9CEB8-8B4A-11D0-8D11-00A0C91BC942}") = "ComputeShaderTest", "ComputeShaderTest\ComputeShaderTest.vcxproj", "{8E4F912E-8B2F-4700-AA5A-6436FA1655A1}"
EndProject
Global
	GlobalSection(SolutionConfigurationPlatforms) = preSolution
		Debug|x64 = Debug|x64
		Debug|x86 = Debug|x86
		Release|x64 = Release|x64
		Release|x86 = Release|x86
	EndGlobalSection
	GlobalSection(ProjectConfigurationPlatforms) = postSolution
		{907B57B9-1161-43B1-8345-ADA561C2E877}.Debug|x64.ActiveCfg = Debug|x64
		{907B57B9-1161-43B1-8345-ADA561C2E877}.Debug|x64.Build.0 = Debug|x64
		{907B57B9-1161-43B1-8345-ADA561C2E877}.Debug|x86.ActiveCfg = Debug|Win32
		{907B57B9-1161-43B1-8345-ADA561C2E877}.Debug|x86.Build.0 = Debug|Win32
		{907B57B9-1161-43B1-8345-ADA561C2E877}.Release|x64.ActiveCfg = Release|x64
		{907B57B9-1161-43B1-8345-ADA561C2E877}.Release|x64.Build.0 = Release|x64
		{907B57B9-1161-43B1-8345-ADA561C2E877}.Release|x86.ActiveCfg = Release|Win32
		{907B57B9-1161-43B1-8345-ADA561C2E877}.Release|x86.Build.0 = Release|Win32
		{798EEF49-EBE9-4314-BAD8-B4BBB5F2A645}.Debug|x64.ActiveCfg = Debug|x64
		{798EEF49-EBE9-4314-BAD8-B4BBB5F2A645}.Debug|x64.Build.0 = Debug|x64
		{798EEF49-EBE9-4314-BAD8-B4BBB5F2A645}.Debug|x86.ActiveCfg = Debug|Win32
		{798EEF49-EBE9-4314-BAD8-B4BBB5F2A645}.Debug|x86.Build.0 = Debug|Win32
		{798EEF49-EBE9-4314-BAD8-B4BBB5F2A645}.Release|x64.ActiveCfg = Release|x64
		{798EEF49-EBE9-4314-BAD8-B4BBB5F2A645}.Release|x64.Build.0 = Release|x64
		{798EEF49-EBE9-4314-BAD8-B4BBB5F2A645}.Release|x86.ActiveCfg = Release|Win32
		{798EEF49-EBE9-4314-BAD8-B4BBB5F2A645}.Release|x86.Build.0 = Release|Win32
		{BC5C1119-B30D-4812-90B2-22293ECE3C89}.Debug|x64.ActiveCfg = Debug|x64
		{BC5C1119-B30D-4812-90B2-22293ECE3C89}.Debug|x64.Build.0 = Debug|x64
		{BC5C1119-B30D-4812-90B2-22293ECE3C89}.Debug|x86.ActiveCfg = Debug|Win32
		{BC5C1119-B30D-4812-90B2-22293ECE3C89}.Debug|x86.Build.0 = Debug|Win32
		{BC5C1119-B30D-4812-90B2-22293ECE3C89}.Release|x64.ActiveCfg = Release|x64
		{BC5C1119-B30D-4812-90B2-22293ECE3C89}.Release|x64.Build.0 = Release|x64
		{BC5C1119-B30D-4812-90B2-22293ECE3C89}.Release|x86.ActiveCfg = Release|Win32
		{BC5C1119-B30D-4812-90B2-22293ECE3C89}.Release|x86.Build.0 = Release|Win32
		{8E4F912E-8B2F-4700-AA5A-6436FA1655A1}.Debug|x64.ActiveCfg = Debug|x64
		{8E4F912E-8B2F-4700-AA5A-6436FA1655A1}.Debug|x64.Build.0 = Debug|x64
		{8E4F912E-8B2F-4700-AA5A-6436FA1655A1}.Debug|x86.ActiveCfg = Debug|Win32
		{8E4F912E-8B2F-4700-AA5A-6436FA1655A1}.Debug|x86.Build.0 = Debug|Win32
		{8E4F912E-8B2F-4700-AA5A-6436FA1655A1}.Release|x64.ActiveCfg = Release|x64
		{8E4F912E-8B2F-4700-AA5A-6436FA1655A1}.Release|x64.Build.0 = Release|x64
		{8E4F912E-8B2F-4700-AA5A-6436FA1655A1}.Release|x86.ActiveCfg = Release|Win32
		{8E4F912E-8B2F-4700-AA5A-6436FA1655A1}.Release|x86.Build.0 = Release|Win32
	EndGlobalSection
	GlobalSection(SolutionProperties) = preSolution
		HideSolutionNode = FALSE
	EndGlobalSection
	GlobalSection(ExtensibilityGlobals) = postSolution
		SolutionGuid = {11BFA662-B67C-4024-A6B3-3E649621B07D}
	EndGlobalSection
EndGlobal
